// !$*UTF8*$!
{
	archiveVersion = 1;
	classes = {
	};
	objectVersion = 56;
	objects = {

/* Begin PBXBuildFile section */
		CE8E374B2AABAE1B00BD5B9E /* FavouriteImageTableViewCell.swift in Sources */ = {isa = PBXBuildFile; fileRef = CE8E37492AABAE1B00BD5B9E /* FavouriteImageTableViewCell.swift */; };
		CE8E374C2AABAE1B00BD5B9E /* FavouriteImageTableViewCell.xib in Resources */ = {isa = PBXBuildFile; fileRef = CE8E374A2AABAE1B00BD5B9E /* FavouriteImageTableViewCell.xib */; };
		CE8E374E2AABAE2E00BD5B9E /* FavouriteImagesTableViewController.swift in Sources */ = {isa = PBXBuildFile; fileRef = CE8E374D2AABAE2E00BD5B9E /* FavouriteImagesTableViewController.swift */; };
		CE8E37502AABB1C200BD5B9E /* APIHelper.swift in Sources */ = {isa = PBXBuildFile; fileRef = CE8E374F2AABB1C200BD5B9E /* APIHelper.swift */; };
		CE8E37522AABB1FF00BD5B9E /* FoundationExtensions.swift in Sources */ = {isa = PBXBuildFile; fileRef = CE8E37512AABB1FF00BD5B9E /* FoundationExtensions.swift */; };
		CE8E37542AABB36C00BD5B9E /* ImageAPIResponse.swift in Sources */ = {isa = PBXBuildFile; fileRef = CE8E37532AABB36C00BD5B9E /* ImageAPIResponse.swift */; };
		CE8E37562AABB4D600BD5B9E /* JSONHelper.swift in Sources */ = {isa = PBXBuildFile; fileRef = CE8E37552AABB4D600BD5B9E /* JSONHelper.swift */; };
		CE8E37582AABB8B700BD5B9E /* ImagesSearchAPIClient.swift in Sources */ = {isa = PBXBuildFile; fileRef = CE8E37572AABB8B700BD5B9E /* ImagesSearchAPIClient.swift */; };
		CE8E375A2AABC35100BD5B9E /* UIExtensions.swift in Sources */ = {isa = PBXBuildFile; fileRef = CE8E37592AABC35100BD5B9E /* UIExtensions.swift */; };
		CE8E375C2AABC47100BD5B9E /* CasheManager.swift in Sources */ = {isa = PBXBuildFile; fileRef = CE8E375B2AABC47100BD5B9E /* CasheManager.swift */; };
		CE8E37682AABFC4600BD5B9E /* ImageCollectionViewCell.swift in Sources */ = {isa = PBXBuildFile; fileRef = CE8E37672AABFC4600BD5B9E /* ImageCollectionViewCell.swift */; };
		CE8E376A2AAC0E8E00BD5B9E /* ImagesSearchPresenter.swift in Sources */ = {isa = PBXBuildFile; fileRef = CE8E37692AAC0E8E00BD5B9E /* ImagesSearchPresenter.swift */; };
		CE8E376C2AAC1D0B00BD5B9E /* FavouritesStorage.swift in Sources */ = {isa = PBXBuildFile; fileRef = CE8E376B2AAC1D0B00BD5B9E /* FavouritesStorage.swift */; };
		CE8E376E2AAF815600BD5B9E /* FavouriteImagesPresenter.swift in Sources */ = {isa = PBXBuildFile; fileRef = CE8E376D2AAF815600BD5B9E /* FavouriteImagesPresenter.swift */; };
		CE8E37D32AAFD07D00BD5B9E /* UserDefault.swift in Sources */ = {isa = PBXBuildFile; fileRef = CE8E37D22AAFD07D00BD5B9E /* UserDefault.swift */; };
		CE8E37F72AB2995000BD5B9E /* MainRouter.swift in Sources */ = {isa = PBXBuildFile; fileRef = CE8E37F62AB2994F00BD5B9E /* MainRouter.swift */; };
		CE8E37FA2AB299AB00BD5B9E /* BaseCoordinator.swift in Sources */ = {isa = PBXBuildFile; fileRef = CE8E37F92AB299AB00BD5B9E /* BaseCoordinator.swift */; };
		CE8E38002AB29A1900BD5B9E /* ImagesSearchCoordinator.swift in Sources */ = {isa = PBXBuildFile; fileRef = CE8E37FF2AB29A1900BD5B9E /* ImagesSearchCoordinator.swift */; };
		CE8E38022AB29A3B00BD5B9E /* FavouriteImagesCoordinator.swift in Sources */ = {isa = PBXBuildFile; fileRef = CE8E38012AB29A3B00BD5B9E /* FavouriteImagesCoordinator.swift */; };
		CEA40E7E2AAB997F00105C48 /* AppDelegate.swift in Sources */ = {isa = PBXBuildFile; fileRef = CEA40E7D2AAB997F00105C48 /* AppDelegate.swift */; };
		CEA40E802AAB997F00105C48 /* SceneDelegate.swift in Sources */ = {isa = PBXBuildFile; fileRef = CEA40E7F2AAB997F00105C48 /* SceneDelegate.swift */; };
		CEA40E852AAB997F00105C48 /* Main.storyboard in Resources */ = {isa = PBXBuildFile; fileRef = CEA40E832AAB997F00105C48 /* Main.storyboard */; };
		CEA40E872AAB998700105C48 /* Assets.xcassets in Resources */ = {isa = PBXBuildFile; fileRef = CEA40E862AAB998700105C48 /* Assets.xcassets */; };
		CEA40E8A2AAB998700105C48 /* LaunchScreen.storyboard in Resources */ = {isa = PBXBuildFile; fileRef = CEA40E882AAB998700105C48 /* LaunchScreen.storyboard */; };
		CEA40E952AAB998800105C48 /* TestUnsplashImagesSearchTests.swift in Sources */ = {isa = PBXBuildFile; fileRef = CEA40E942AAB998800105C48 /* TestUnsplashImagesSearchTests.swift */; };
		CEA40E9F2AAB998800105C48 /* TestUnsplashImagesSearchUITests.swift in Sources */ = {isa = PBXBuildFile; fileRef = CEA40E9E2AAB998800105C48 /* TestUnsplashImagesSearchUITests.swift */; };
		CEA40EA12AAB998800105C48 /* TestUnsplashImagesSearchUITestsLaunchTests.swift in Sources */ = {isa = PBXBuildFile; fileRef = CEA40EA02AAB998800105C48 /* TestUnsplashImagesSearchUITestsLaunchTests.swift */; };
		CEA40EAE2AABA5BD00105C48 /* ImagesSearchViewController.swift in Sources */ = {isa = PBXBuildFile; fileRef = CEA40EAD2AABA5BD00105C48 /* ImagesSearchViewController.swift */; };
/* End PBXBuildFile section */

/* Begin PBXContainerItemProxy section */
		CEA40E912AAB998800105C48 /* PBXContainerItemProxy */ = {
			isa = PBXContainerItemProxy;
			containerPortal = CEA40E722AAB997F00105C48 /* Project object */;
			proxyType = 1;
			remoteGlobalIDString = CEA40E792AAB997F00105C48;
			remoteInfo = TestUnsplashImagesSearch;
		};
		CEA40E9B2AAB998800105C48 /* PBXContainerItemProxy */ = {
			isa = PBXContainerItemProxy;
			containerPortal = CEA40E722AAB997F00105C48 /* Project object */;
			proxyType = 1;
			remoteGlobalIDString = CEA40E792AAB997F00105C48;
			remoteInfo = TestUnsplashImagesSearch;
		};
/* End PBXContainerItemProxy section */

/* Begin PBXFileReference section */
		CE8E37492AABAE1B00BD5B9E /* FavouriteImageTableViewCell.swift */ = {isa = PBXFileReference; lastKnownFileType = sourcecode.swift; path = FavouriteImageTableViewCell.swift; sourceTree = "<group>"; };
		CE8E374A2AABAE1B00BD5B9E /* FavouriteImageTableViewCell.xib */ = {isa = PBXFileReference; lastKnownFileType = file.xib; path = FavouriteImageTableViewCell.xib; sourceTree = "<group>"; };
		CE8E374D2AABAE2E00BD5B9E /* FavouriteImagesTableViewController.swift */ = {isa = PBXFileReference; lastKnownFileType = sourcecode.swift; path = FavouriteImagesTableViewController.swift; sourceTree = "<group>"; };
		CE8E374F2AABB1C200BD5B9E /* APIHelper.swift */ = {isa = PBXFileReference; lastKnownFileType = sourcecode.swift; path = APIHelper.swift; sourceTree = "<group>"; };
		CE8E37512AABB1FF00BD5B9E /* FoundationExtensions.swift */ = {isa = PBXFileReference; lastKnownFileType = sourcecode.swift; path = FoundationExtensions.swift; sourceTree = "<group>"; };
		CE8E37532AABB36C00BD5B9E /* ImageAPIResponse.swift */ = {isa = PBXFileReference; lastKnownFileType = sourcecode.swift; path = ImageAPIResponse.swift; sourceTree = "<group>"; };
		CE8E37552AABB4D600BD5B9E /* JSONHelper.swift */ = {isa = PBXFileReference; lastKnownFileType = sourcecode.swift; path = JSONHelper.swift; sourceTree = "<group>"; };
		CE8E37572AABB8B700BD5B9E /* ImagesSearchAPIClient.swift */ = {isa = PBXFileReference; lastKnownFileType = sourcecode.swift; path = ImagesSearchAPIClient.swift; sourceTree = "<group>"; };
		CE8E37592AABC35100BD5B9E /* UIExtensions.swift */ = {isa = PBXFileReference; lastKnownFileType = sourcecode.swift; path = UIExtensions.swift; sourceTree = "<group>"; };
		CE8E375B2AABC47100BD5B9E /* CasheManager.swift */ = {isa = PBXFileReference; lastKnownFileType = sourcecode.swift; path = CasheManager.swift; sourceTree = "<group>"; };
		CE8E37672AABFC4600BD5B9E /* ImageCollectionViewCell.swift */ = {isa = PBXFileReference; lastKnownFileType = sourcecode.swift; path = ImageCollectionViewCell.swift; sourceTree = "<group>"; };
		CE8E37692AAC0E8E00BD5B9E /* ImagesSearchPresenter.swift */ = {isa = PBXFileReference; lastKnownFileType = sourcecode.swift; path = ImagesSearchPresenter.swift; sourceTree = "<group>"; };
		CE8E376B2AAC1D0B00BD5B9E /* FavouritesStorage.swift */ = {isa = PBXFileReference; lastKnownFileType = sourcecode.swift; path = FavouritesStorage.swift; sourceTree = "<group>"; };
		CE8E376D2AAF815600BD5B9E /* FavouriteImagesPresenter.swift */ = {isa = PBXFileReference; lastKnownFileType = sourcecode.swift; path = FavouriteImagesPresenter.swift; sourceTree = "<group>"; };
		CE8E37D22AAFD07D00BD5B9E /* UserDefault.swift */ = {isa = PBXFileReference; lastKnownFileType = sourcecode.swift; path = UserDefault.swift; sourceTree = "<group>"; };
		CE8E37F62AB2994F00BD5B9E /* MainRouter.swift */ = {isa = PBXFileReference; lastKnownFileType = sourcecode.swift; path = MainRouter.swift; sourceTree = "<group>"; };
		CE8E37F92AB299AB00BD5B9E /* BaseCoordinator.swift */ = {isa = PBXFileReference; lastKnownFileType = sourcecode.swift; path = BaseCoordinator.swift; sourceTree = "<group>"; };
		CE8E37FF2AB29A1900BD5B9E /* ImagesSearchCoordinator.swift */ = {isa = PBXFileReference; lastKnownFileType = sourcecode.swift; path = ImagesSearchCoordinator.swift; sourceTree = "<group>"; };
		CE8E38012AB29A3B00BD5B9E /* FavouriteImagesCoordinator.swift */ = {isa = PBXFileReference; lastKnownFileType = sourcecode.swift; path = FavouriteImagesCoordinator.swift; sourceTree = "<group>"; };
		CEA40E7A2AAB997F00105C48 /* TestUnsplashImagesSearch.app */ = {isa = PBXFileReference; explicitFileType = wrapper.application; includeInIndex = 0; path = TestUnsplashImagesSearch.app; sourceTree = BUILT_PRODUCTS_DIR; };
		CEA40E7D2AAB997F00105C48 /* AppDelegate.swift */ = {isa = PBXFileReference; lastKnownFileType = sourcecode.swift; path = AppDelegate.swift; sourceTree = "<group>"; };
		CEA40E7F2AAB997F00105C48 /* SceneDelegate.swift */ = {isa = PBXFileReference; lastKnownFileType = sourcecode.swift; path = SceneDelegate.swift; sourceTree = "<group>"; };
		CEA40E842AAB997F00105C48 /* Base */ = {isa = PBXFileReference; lastKnownFileType = file.storyboard; name = Base; path = Base.lproj/Main.storyboard; sourceTree = "<group>"; };
		CEA40E862AAB998700105C48 /* Assets.xcassets */ = {isa = PBXFileReference; lastKnownFileType = folder.assetcatalog; path = Assets.xcassets; sourceTree = "<group>"; };
		CEA40E892AAB998700105C48 /* Base */ = {isa = PBXFileReference; lastKnownFileType = file.storyboard; name = Base; path = Base.lproj/LaunchScreen.storyboard; sourceTree = "<group>"; };
		CEA40E8B2AAB998700105C48 /* Info.plist */ = {isa = PBXFileReference; lastKnownFileType = text.plist.xml; path = Info.plist; sourceTree = "<group>"; };
		CEA40E902AAB998800105C48 /* TestUnsplashImagesSearchTests.xctest */ = {isa = PBXFileReference; explicitFileType = wrapper.cfbundle; includeInIndex = 0; path = TestUnsplashImagesSearchTests.xctest; sourceTree = BUILT_PRODUCTS_DIR; };
		CEA40E942AAB998800105C48 /* TestUnsplashImagesSearchTests.swift */ = {isa = PBXFileReference; lastKnownFileType = sourcecode.swift; path = TestUnsplashImagesSearchTests.swift; sourceTree = "<group>"; };
		CEA40E9A2AAB998800105C48 /* TestUnsplashImagesSearchUITests.xctest */ = {isa = PBXFileReference; explicitFileType = wrapper.cfbundle; includeInIndex = 0; path = TestUnsplashImagesSearchUITests.xctest; sourceTree = BUILT_PRODUCTS_DIR; };
		CEA40E9E2AAB998800105C48 /* TestUnsplashImagesSearchUITests.swift */ = {isa = PBXFileReference; lastKnownFileType = sourcecode.swift; path = TestUnsplashImagesSearchUITests.swift; sourceTree = "<group>"; };
		CEA40EA02AAB998800105C48 /* TestUnsplashImagesSearchUITestsLaunchTests.swift */ = {isa = PBXFileReference; lastKnownFileType = sourcecode.swift; path = TestUnsplashImagesSearchUITestsLaunchTests.swift; sourceTree = "<group>"; };
		CEA40EAD2AABA5BD00105C48 /* ImagesSearchViewController.swift */ = {isa = PBXFileReference; lastKnownFileType = sourcecode.swift; path = ImagesSearchViewController.swift; sourceTree = "<group>"; };
/* End PBXFileReference section */

/* Begin PBXFrameworksBuildPhase section */
		CEA40E772AAB997F00105C48 /* Frameworks */ = {
			isa = PBXFrameworksBuildPhase;
			buildActionMask = 2147483647;
			files = (
			);
			runOnlyForDeploymentPostprocessing = 0;
		};
		CEA40E8D2AAB998800105C48 /* Frameworks */ = {
			isa = PBXFrameworksBuildPhase;
			buildActionMask = 2147483647;
			files = (
			);
			runOnlyForDeploymentPostprocessing = 0;
		};
		CEA40E972AAB998800105C48 /* Frameworks */ = {
			isa = PBXFrameworksBuildPhase;
			buildActionMask = 2147483647;
			files = (
			);
			runOnlyForDeploymentPostprocessing = 0;
		};
/* End PBXFrameworksBuildPhase section */

/* Begin PBXGroup section */
		CE8E375D2AABDEBB00BD5B9E /* Resources */ = {
			isa = PBXGroup;
			children = (
				CEA40E7D2AAB997F00105C48 /* AppDelegate.swift */,
				CEA40E7F2AAB997F00105C48 /* SceneDelegate.swift */,
				CEA40E862AAB998700105C48 /* Assets.xcassets */,
				CEA40E832AAB997F00105C48 /* Main.storyboard */,
				CEA40E882AAB998700105C48 /* LaunchScreen.storyboard */,
			);
			path = Resources;
			sourceTree = "<group>";
		};
		CE8E375E2AABDEC200BD5B9E /* Modules */ = {
			isa = PBXGroup;
			children = (
				CE8E37662AABDF5500BD5B9E /* Search */,
				CE8E37652AABDF4100BD5B9E /* Favourites */,
			);
			path = Modules;
			sourceTree = "<group>";
		};
		CE8E375F2AABDEC600BD5B9E /* Logic */ = {
			isa = PBXGroup;
			children = (
				CE8E37CF2AAFD02C00BD5B9E /* Storages */,
				CE8E37642AABDEF500BD5B9E /* Services */,
				CE8E37622AABDEEB00BD5B9E /* Managers */,
				CE8E37612AABDEE600BD5B9E /* Models */,
			);
			path = Logic;
			sourceTree = "<group>";
		};
		CE8E37602AABDEDA00BD5B9E /* Common */ = {
			isa = PBXGroup;
			children = (
				CE8E37F82AB2999C00BD5B9E /* Protocols */,
				CE8E37D12AAFD05100BD5B9E /* PropertyWrappers */,
				CE8E37D02AAFD04800BD5B9E /* Extensions */,
			);
			path = Common;
			sourceTree = "<group>";
		};
		CE8E37612AABDEE600BD5B9E /* Models */ = {
			isa = PBXGroup;
			children = (
				CE8E37532AABB36C00BD5B9E /* ImageAPIResponse.swift */,
			);
			path = Models;
			sourceTree = "<group>";
		};
		CE8E37622AABDEEB00BD5B9E /* Managers */ = {
			isa = PBXGroup;
			children = (
				CE8E37552AABB4D600BD5B9E /* JSONHelper.swift */,
				CE8E374F2AABB1C200BD5B9E /* APIHelper.swift */,
				CE8E375B2AABC47100BD5B9E /* CasheManager.swift */,
			);
			path = Managers;
			sourceTree = "<group>";
		};
		CE8E37642AABDEF500BD5B9E /* Services */ = {
			isa = PBXGroup;
			children = (
				CE8E37572AABB8B700BD5B9E /* ImagesSearchAPIClient.swift */,
			);
			path = Services;
			sourceTree = "<group>";
		};
		CE8E37652AABDF4100BD5B9E /* Favourites */ = {
			isa = PBXGroup;
			children = (
				CE8E37FD2AB299EE00BD5B9E /* FlowRouter */,
				CE8E37FC2AB299E200BD5B9E /* Menu */,
			);
			path = Favourites;
			sourceTree = "<group>";
		};
		CE8E37662AABDF5500BD5B9E /* Search */ = {
			isa = PBXGroup;
			children = (
				CE8E37FE2AB299F500BD5B9E /* FlowRouter */,
				CE8E37FB2AB299D800BD5B9E /* Menu */,
			);
			path = Search;
			sourceTree = "<group>";
		};
		CE8E376F2AAF815D00BD5B9E /* Cells */ = {
			isa = PBXGroup;
			children = (
				CE8E37492AABAE1B00BD5B9E /* FavouriteImageTableViewCell.swift */,
				CE8E374A2AABAE1B00BD5B9E /* FavouriteImageTableViewCell.xib */,
			);
			path = Cells;
			sourceTree = "<group>";
		};
		CE8E37CF2AAFD02C00BD5B9E /* Storages */ = {
			isa = PBXGroup;
			children = (
				CE8E376B2AAC1D0B00BD5B9E /* FavouritesStorage.swift */,
			);
			path = Storages;
			sourceTree = "<group>";
		};
		CE8E37D02AAFD04800BD5B9E /* Extensions */ = {
			isa = PBXGroup;
			children = (
				CE8E37592AABC35100BD5B9E /* UIExtensions.swift */,
				CE8E37512AABB1FF00BD5B9E /* FoundationExtensions.swift */,
			);
			path = Extensions;
			sourceTree = "<group>";
		};
		CE8E37D12AAFD05100BD5B9E /* PropertyWrappers */ = {
			isa = PBXGroup;
			children = (
				CE8E37D22AAFD07D00BD5B9E /* UserDefault.swift */,
			);
			path = PropertyWrappers;
			sourceTree = "<group>";
		};
		CE8E37F52AB27AD700BD5B9E /* Router */ = {
			isa = PBXGroup;
			children = (
				CE8E37F62AB2994F00BD5B9E /* MainRouter.swift */,
			);
			path = Router;
			sourceTree = "<group>";
		};
		CE8E37F82AB2999C00BD5B9E /* Protocols */ = {
			isa = PBXGroup;
			children = (
				CE8E37F92AB299AB00BD5B9E /* BaseCoordinator.swift */,
			);
			path = Protocols;
			sourceTree = "<group>";
		};
		CE8E37FB2AB299D800BD5B9E /* Menu */ = {
			isa = PBXGroup;
			children = (
				CE8E37672AABFC4600BD5B9E /* ImageCollectionViewCell.swift */,
				CEA40EAD2AABA5BD00105C48 /* ImagesSearchViewController.swift */,
				CE8E37692AAC0E8E00BD5B9E /* ImagesSearchPresenter.swift */,
			);
			path = Menu;
			sourceTree = "<group>";
		};
		CE8E37FC2AB299E200BD5B9E /* Menu */ = {
			isa = PBXGroup;
			children = (
				CE8E376F2AAF815D00BD5B9E /* Cells */,
				CE8E374D2AABAE2E00BD5B9E /* FavouriteImagesTableViewController.swift */,
				CE8E376D2AAF815600BD5B9E /* FavouriteImagesPresenter.swift */,
			);
			path = Menu;
			sourceTree = "<group>";
		};
		CE8E37FD2AB299EE00BD5B9E /* FlowRouter */ = {
			isa = PBXGroup;
			children = (
				CE8E38012AB29A3B00BD5B9E /* FavouriteImagesCoordinator.swift */,
			);
			path = FlowRouter;
			sourceTree = "<group>";
		};
		CE8E37FE2AB299F500BD5B9E /* FlowRouter */ = {
			isa = PBXGroup;
			children = (
				CE8E37FF2AB29A1900BD5B9E /* ImagesSearchCoordinator.swift */,
			);
			path = FlowRouter;
			sourceTree = "<group>";
		};
		CEA40E712AAB997F00105C48 = {
			isa = PBXGroup;
			children = (
				CEA40E7C2AAB997F00105C48 /* TestUnsplashImagesSearch */,
				CEA40E932AAB998800105C48 /* TestUnsplashImagesSearchTests */,
				CEA40E9D2AAB998800105C48 /* TestUnsplashImagesSearchUITests */,
				CEA40E7B2AAB997F00105C48 /* Products */,
			);
			sourceTree = "<group>";
		};
		CEA40E7B2AAB997F00105C48 /* Products */ = {
			isa = PBXGroup;
			children = (
				CEA40E7A2AAB997F00105C48 /* TestUnsplashImagesSearch.app */,
				CEA40E902AAB998800105C48 /* TestUnsplashImagesSearchTests.xctest */,
				CEA40E9A2AAB998800105C48 /* TestUnsplashImagesSearchUITests.xctest */,
			);
			name = Products;
			sourceTree = "<group>";
		};
		CEA40E7C2AAB997F00105C48 /* TestUnsplashImagesSearch */ = {
			isa = PBXGroup;
			children = (
				CE8E37F52AB27AD700BD5B9E /* Router */,
				CE8E37602AABDEDA00BD5B9E /* Common */,
				CE8E375F2AABDEC600BD5B9E /* Logic */,
				CE8E375E2AABDEC200BD5B9E /* Modules */,
				CE8E375D2AABDEBB00BD5B9E /* Resources */,
				CEA40E8B2AAB998700105C48 /* Info.plist */,
			);
			path = TestUnsplashImagesSearch;
			sourceTree = "<group>";
		};
		CEA40E932AAB998800105C48 /* TestUnsplashImagesSearchTests */ = {
			isa = PBXGroup;
			children = (
				CEA40E942AAB998800105C48 /* TestUnsplashImagesSearchTests.swift */,
			);
			path = TestUnsplashImagesSearchTests;
			sourceTree = "<group>";
		};
		CEA40E9D2AAB998800105C48 /* TestUnsplashImagesSearchUITests */ = {
			isa = PBXGroup;
			children = (
				CEA40E9E2AAB998800105C48 /* TestUnsplashImagesSearchUITests.swift */,
				CEA40EA02AAB998800105C48 /* TestUnsplashImagesSearchUITestsLaunchTests.swift */,
			);
			path = TestUnsplashImagesSearchUITests;
			sourceTree = "<group>";
		};
/* End PBXGroup section */

/* Begin PBXNativeTarget section */
		CEA40E792AAB997F00105C48 /* TestUnsplashImagesSearch */ = {
			isa = PBXNativeTarget;
			buildConfigurationList = CEA40EA42AAB998800105C48 /* Build configuration list for PBXNativeTarget "TestUnsplashImagesSearch" */;
			buildPhases = (
				CEA40E762AAB997F00105C48 /* Sources */,
				CEA40E772AAB997F00105C48 /* Frameworks */,
				CEA40E782AAB997F00105C48 /* Resources */,
			);
			buildRules = (
			);
			dependencies = (
			);
			name = TestUnsplashImagesSearch;
			productName = TestUnsplashImagesSearch;
			productReference = CEA40E7A2AAB997F00105C48 /* TestUnsplashImagesSearch.app */;
			productType = "com.apple.product-type.application";
		};
		CEA40E8F2AAB998800105C48 /* TestUnsplashImagesSearchTests */ = {
			isa = PBXNativeTarget;
			buildConfigurationList = CEA40EA72AAB998800105C48 /* Build configuration list for PBXNativeTarget "TestUnsplashImagesSearchTests" */;
			buildPhases = (
				CEA40E8C2AAB998800105C48 /* Sources */,
				CEA40E8D2AAB998800105C48 /* Frameworks */,
				CEA40E8E2AAB998800105C48 /* Resources */,
			);
			buildRules = (
			);
			dependencies = (
				CEA40E922AAB998800105C48 /* PBXTargetDependency */,
			);
			name = TestUnsplashImagesSearchTests;
			productName = TestUnsplashImagesSearchTests;
			productReference = CEA40E902AAB998800105C48 /* TestUnsplashImagesSearchTests.xctest */;
			productType = "com.apple.product-type.bundle.unit-test";
		};
		CEA40E992AAB998800105C48 /* TestUnsplashImagesSearchUITests */ = {
			isa = PBXNativeTarget;
			buildConfigurationList = CEA40EAA2AAB998800105C48 /* Build configuration list for PBXNativeTarget "TestUnsplashImagesSearchUITests" */;
			buildPhases = (
				CEA40E962AAB998800105C48 /* Sources */,
				CEA40E972AAB998800105C48 /* Frameworks */,
				CEA40E982AAB998800105C48 /* Resources */,
			);
			buildRules = (
			);
			dependencies = (
				CEA40E9C2AAB998800105C48 /* PBXTargetDependency */,
			);
			name = TestUnsplashImagesSearchUITests;
			productName = TestUnsplashImagesSearchUITests;
			productReference = CEA40E9A2AAB998800105C48 /* TestUnsplashImagesSearchUITests.xctest */;
			productType = "com.apple.product-type.bundle.ui-testing";
		};
/* End PBXNativeTarget section */

/* Begin PBXProject section */
		CEA40E722AAB997F00105C48 /* Project object */ = {
			isa = PBXProject;
			attributes = {
				BuildIndependentTargetsInParallel = 1;
				LastSwiftUpdateCheck = 1430;
				LastUpgradeCheck = 1430;
				TargetAttributes = {
					CEA40E792AAB997F00105C48 = {
						CreatedOnToolsVersion = 14.3.1;
					};
					CEA40E8F2AAB998800105C48 = {
						CreatedOnToolsVersion = 14.3.1;
						TestTargetID = CEA40E792AAB997F00105C48;
					};
					CEA40E992AAB998800105C48 = {
						CreatedOnToolsVersion = 14.3.1;
						TestTargetID = CEA40E792AAB997F00105C48;
					};
				};
			};
			buildConfigurationList = CEA40E752AAB997F00105C48 /* Build configuration list for PBXProject "TestUnsplashImagesSearch" */;
			compatibilityVersion = "Xcode 14.0";
			developmentRegion = en;
			hasScannedForEncodings = 0;
			knownRegions = (
				en,
				Base,
			);
			mainGroup = CEA40E712AAB997F00105C48;
			productRefGroup = CEA40E7B2AAB997F00105C48 /* Products */;
			projectDirPath = "";
			projectRoot = "";
			targets = (
				CEA40E792AAB997F00105C48 /* TestUnsplashImagesSearch */,
				CEA40E8F2AAB998800105C48 /* TestUnsplashImagesSearchTests */,
				CEA40E992AAB998800105C48 /* TestUnsplashImagesSearchUITests */,
			);
		};
/* End PBXProject section */

/* Begin PBXResourcesBuildPhase section */
		CEA40E782AAB997F00105C48 /* Resources */ = {
			isa = PBXResourcesBuildPhase;
			buildActionMask = 2147483647;
			files = (
				CEA40E8A2AAB998700105C48 /* LaunchScreen.storyboard in Resources */,
				CEA40E872AAB998700105C48 /* Assets.xcassets in Resources */,
				CEA40E852AAB997F00105C48 /* Main.storyboard in Resources */,
				CE8E374C2AABAE1B00BD5B9E /* FavouriteImageTableViewCell.xib in Resources */,
			);
			runOnlyForDeploymentPostprocessing = 0;
		};
		CEA40E8E2AAB998800105C48 /* Resources */ = {
			isa = PBXResourcesBuildPhase;
			buildActionMask = 2147483647;
			files = (
			);
			runOnlyForDeploymentPostprocessing = 0;
		};
		CEA40E982AAB998800105C48 /* Resources */ = {
			isa = PBXResourcesBuildPhase;
			buildActionMask = 2147483647;
			files = (
			);
			runOnlyForDeploymentPostprocessing = 0;
		};
/* End PBXResourcesBuildPhase section */

/* Begin PBXSourcesBuildPhase section */
		CEA40E762AAB997F00105C48 /* Sources */ = {
			isa = PBXSourcesBuildPhase;
			buildActionMask = 2147483647;
			files = (
				CE8E376A2AAC0E8E00BD5B9E /* ImagesSearchPresenter.swift in Sources */,
				CE8E37522AABB1FF00BD5B9E /* FoundationExtensions.swift in Sources */,
				CE8E37582AABB8B700BD5B9E /* ImagesSearchAPIClient.swift in Sources */,
				CE8E37682AABFC4600BD5B9E /* ImageCollectionViewCell.swift in Sources */,
				CEA40EAE2AABA5BD00105C48 /* ImagesSearchViewController.swift in Sources */,
				CE8E374B2AABAE1B00BD5B9E /* FavouriteImageTableViewCell.swift in Sources */,
				CE8E37562AABB4D600BD5B9E /* JSONHelper.swift in Sources */,
				CE8E375A2AABC35100BD5B9E /* UIExtensions.swift in Sources */,
				CE8E376C2AAC1D0B00BD5B9E /* FavouritesStorage.swift in Sources */,
				CE8E37542AABB36C00BD5B9E /* ImageAPIResponse.swift in Sources */,
				CE8E37502AABB1C200BD5B9E /* APIHelper.swift in Sources */,
				CE8E375C2AABC47100BD5B9E /* CasheManager.swift in Sources */,
				CE8E37D32AAFD07D00BD5B9E /* UserDefault.swift in Sources */,
				CE8E376E2AAF815600BD5B9E /* FavouriteImagesPresenter.swift in Sources */,
				CEA40E7E2AAB997F00105C48 /* AppDelegate.swift in Sources */,
				CE8E37FA2AB299AB00BD5B9E /* BaseCoordinator.swift in Sources */,
				CE8E38022AB29A3B00BD5B9E /* FavouriteImagesCoordinator.swift in Sources */,
				CE8E38002AB29A1900BD5B9E /* ImagesSearchCoordinator.swift in Sources */,
				CEA40E802AAB997F00105C48 /* SceneDelegate.swift in Sources */,
				CE8E374E2AABAE2E00BD5B9E /* FavouriteImagesTableViewController.swift in Sources */,
				CE8E37F72AB2995000BD5B9E /* MainRouter.swift in Sources */,
			);
			runOnlyForDeploymentPostprocessing = 0;
		};
		CEA40E8C2AAB998800105C48 /* Sources */ = {
			isa = PBXSourcesBuildPhase;
			buildActionMask = 2147483647;
			files = (
				CEA40E952AAB998800105C48 /* TestUnsplashImagesSearchTests.swift in Sources */,
			);
			runOnlyForDeploymentPostprocessing = 0;
		};
		CEA40E962AAB998800105C48 /* Sources */ = {
			isa = PBXSourcesBuildPhase;
			buildActionMask = 2147483647;
			files = (
				CEA40EA12AAB998800105C48 /* TestUnsplashImagesSearchUITestsLaunchTests.swift in Sources */,
				CEA40E9F2AAB998800105C48 /* TestUnsplashImagesSearchUITests.swift in Sources */,
			);
			runOnlyForDeploymentPostprocessing = 0;
		};
/* End PBXSourcesBuildPhase section */

/* Begin PBXTargetDependency section */
		CEA40E922AAB998800105C48 /* PBXTargetDependency */ = {
			isa = PBXTargetDependency;
			target = CEA40E792AAB997F00105C48 /* TestUnsplashImagesSearch */;
			targetProxy = CEA40E912AAB998800105C48 /* PBXContainerItemProxy */;
		};
		CEA40E9C2AAB998800105C48 /* PBXTargetDependency */ = {
			isa = PBXTargetDependency;
			target = CEA40E792AAB997F00105C48 /* TestUnsplashImagesSearch */;
			targetProxy = CEA40E9B2AAB998800105C48 /* PBXContainerItemProxy */;
		};
/* End PBXTargetDependency section */

/* Begin PBXVariantGroup section */
		CEA40E832AAB997F00105C48 /* Main.storyboard */ = {
			isa = PBXVariantGroup;
			children = (
				CEA40E842AAB997F00105C48 /* Base */,
			);
			name = Main.storyboard;
			sourceTree = "<group>";
		};
		CEA40E882AAB998700105C48 /* LaunchScreen.storyboard */ = {
			isa = PBXVariantGroup;
			children = (
				CEA40E892AAB998700105C48 /* Base */,
			);
			name = LaunchScreen.storyboard;
			sourceTree = "<group>";
		};
/* End PBXVariantGroup section */

/* Begin XCBuildConfiguration section */
		CEA40EA22AAB998800105C48 /* Debug */ = {
			isa = XCBuildConfiguration;
			buildSettings = {
				ALWAYS_SEARCH_USER_PATHS = NO;
				CLANG_ANALYZER_NONNULL = YES;
				CLANG_ANALYZER_NUMBER_OBJECT_CONVERSION = YES_AGGRESSIVE;
				CLANG_CXX_LANGUAGE_STANDARD = "gnu++20";
				CLANG_ENABLE_MODULES = YES;
				CLANG_ENABLE_OBJC_ARC = YES;
				CLANG_ENABLE_OBJC_WEAK = YES;
				CLANG_WARN_BLOCK_CAPTURE_AUTORELEASING = YES;
				CLANG_WARN_BOOL_CONVERSION = YES;
				CLANG_WARN_COMMA = YES;
				CLANG_WARN_CONSTANT_CONVERSION = YES;
				CLANG_WARN_DEPRECATED_OBJC_IMPLEMENTATIONS = YES;
				CLANG_WARN_DIRECT_OBJC_ISA_USAGE = YES_ERROR;
				CLANG_WARN_DOCUMENTATION_COMMENTS = YES;
				CLANG_WARN_EMPTY_BODY = YES;
				CLANG_WARN_ENUM_CONVERSION = YES;
				CLANG_WARN_INFINITE_RECURSION = YES;
				CLANG_WARN_INT_CONVERSION = YES;
				CLANG_WARN_NON_LITERAL_NULL_CONVERSION = YES;
				CLANG_WARN_OBJC_IMPLICIT_RETAIN_SELF = YES;
				CLANG_WARN_OBJC_LITERAL_CONVERSION = YES;
				CLANG_WARN_OBJC_ROOT_CLASS = YES_ERROR;
				CLANG_WARN_QUOTED_INCLUDE_IN_FRAMEWORK_HEADER = YES;
				CLANG_WARN_RANGE_LOOP_ANALYSIS = YES;
				CLANG_WARN_STRICT_PROTOTYPES = YES;
				CLANG_WARN_SUSPICIOUS_MOVE = YES;
				CLANG_WARN_UNGUARDED_AVAILABILITY = YES_AGGRESSIVE;
				CLANG_WARN_UNREACHABLE_CODE = YES;
				CLANG_WARN__DUPLICATE_METHOD_MATCH = YES;
				COPY_PHASE_STRIP = NO;
				DEBUG_INFORMATION_FORMAT = dwarf;
				ENABLE_STRICT_OBJC_MSGSEND = YES;
				ENABLE_TESTABILITY = YES;
				GCC_C_LANGUAGE_STANDARD = gnu11;
				GCC_DYNAMIC_NO_PIC = NO;
				GCC_NO_COMMON_BLOCKS = YES;
				GCC_OPTIMIZATION_LEVEL = 0;
				GCC_PREPROCESSOR_DEFINITIONS = (
					"DEBUG=1",
					"$(inherited)",
				);
				GCC_WARN_64_TO_32_BIT_CONVERSION = YES;
				GCC_WARN_ABOUT_RETURN_TYPE = YES_ERROR;
				GCC_WARN_UNDECLARED_SELECTOR = YES;
				GCC_WARN_UNINITIALIZED_AUTOS = YES_AGGRESSIVE;
				GCC_WARN_UNUSED_FUNCTION = YES;
				GCC_WARN_UNUSED_VARIABLE = YES;
				IPHONEOS_DEPLOYMENT_TARGET = 16.4;
				MTL_ENABLE_DEBUG_INFO = INCLUDE_SOURCE;
				MTL_FAST_MATH = YES;
				ONLY_ACTIVE_ARCH = YES;
				SDKROOT = iphoneos;
				SWIFT_ACTIVE_COMPILATION_CONDITIONS = DEBUG;
				SWIFT_OPTIMIZATION_LEVEL = "-Onone";
			};
			name = Debug;
		};
		CEA40EA32AAB998800105C48 /* Release */ = {
			isa = XCBuildConfiguration;
			buildSettings = {
				ALWAYS_SEARCH_USER_PATHS = NO;
				CLANG_ANALYZER_NONNULL = YES;
				CLANG_ANALYZER_NUMBER_OBJECT_CONVERSION = YES_AGGRESSIVE;
				CLANG_CXX_LANGUAGE_STANDARD = "gnu++20";
				CLANG_ENABLE_MODULES = YES;
				CLANG_ENABLE_OBJC_ARC = YES;
				CLANG_ENABLE_OBJC_WEAK = YES;
				CLANG_WARN_BLOCK_CAPTURE_AUTORELEASING = YES;
				CLANG_WARN_BOOL_CONVERSION = YES;
				CLANG_WARN_COMMA = YES;
				CLANG_WARN_CONSTANT_CONVERSION = YES;
				CLANG_WARN_DEPRECATED_OBJC_IMPLEMENTATIONS = YES;
				CLANG_WARN_DIRECT_OBJC_ISA_USAGE = YES_ERROR;
				CLANG_WARN_DOCUMENTATION_COMMENTS = YES;
				CLANG_WARN_EMPTY_BODY = YES;
				CLANG_WARN_ENUM_CONVERSION = YES;
				CLANG_WARN_INFINITE_RECURSION = YES;
				CLANG_WARN_INT_CONVERSION = YES;
				CLANG_WARN_NON_LITERAL_NULL_CONVERSION = YES;
				CLANG_WARN_OBJC_IMPLICIT_RETAIN_SELF = YES;
				CLANG_WARN_OBJC_LITERAL_CONVERSION = YES;
				CLANG_WARN_OBJC_ROOT_CLASS = YES_ERROR;
				CLANG_WARN_QUOTED_INCLUDE_IN_FRAMEWORK_HEADER = YES;
				CLANG_WARN_RANGE_LOOP_ANALYSIS = YES;
				CLANG_WARN_STRICT_PROTOTYPES = YES;
				CLANG_WARN_SUSPICIOUS_MOVE = YES;
				CLANG_WARN_UNGUARDED_AVAILABILITY = YES_AGGRESSIVE;
				CLANG_WARN_UNREACHABLE_CODE = YES;
				CLANG_WARN__DUPLICATE_METHOD_MATCH = YES;
				COPY_PHASE_STRIP = NO;
				DEBUG_INFORMATION_FORMAT = "dwarf-with-dsym";
				ENABLE_NS_ASSERTIONS = NO;
				ENABLE_STRICT_OBJC_MSGSEND = YES;
				GCC_C_LANGUAGE_STANDARD = gnu11;
				GCC_NO_COMMON_BLOCKS = YES;
				GCC_WARN_64_TO_32_BIT_CONVERSION = YES;
				GCC_WARN_ABOUT_RETURN_TYPE = YES_ERROR;
				GCC_WARN_UNDECLARED_SELECTOR = YES;
				GCC_WARN_UNINITIALIZED_AUTOS = YES_AGGRESSIVE;
				GCC_WARN_UNUSED_FUNCTION = YES;
				GCC_WARN_UNUSED_VARIABLE = YES;
				IPHONEOS_DEPLOYMENT_TARGET = 16.4;
				MTL_ENABLE_DEBUG_INFO = NO;
				MTL_FAST_MATH = YES;
				SDKROOT = iphoneos;
				SWIFT_COMPILATION_MODE = wholemodule;
				SWIFT_OPTIMIZATION_LEVEL = "-O";
				VALIDATE_PRODUCT = YES;
			};
			name = Release;
		};
		CEA40EA52AAB998800105C48 /* Debug */ = {
			isa = XCBuildConfiguration;
			buildSettings = {
				ASSETCATALOG_COMPILER_APPICON_NAME = AppIcon;
				ASSETCATALOG_COMPILER_GLOBAL_ACCENT_COLOR_NAME = AccentColor;
				CODE_SIGN_STYLE = Automatic;
				CURRENT_PROJECT_VERSION = 1;
				DEVELOPMENT_TEAM = 59C6H8HQ42;
				GENERATE_INFOPLIST_FILE = YES;
				INFOPLIST_FILE = TestUnsplashImagesSearch/Info.plist;
				INFOPLIST_KEY_UIApplicationSupportsIndirectInputEvents = YES;
				INFOPLIST_KEY_UILaunchStoryboardName = LaunchScreen;
				INFOPLIST_KEY_UIMainStoryboardFile = Main;
				INFOPLIST_KEY_UISupportedInterfaceOrientations_iPad = "UIInterfaceOrientationPortrait UIInterfaceOrientationPortraitUpsideDown UIInterfaceOrientationLandscapeLeft UIInterfaceOrientationLandscapeRight";
				INFOPLIST_KEY_UISupportedInterfaceOrientations_iPhone = "UIInterfaceOrientationPortrait UIInterfaceOrientationLandscapeLeft UIInterfaceOrientationLandscapeRight";
				IPHONEOS_DEPLOYMENT_TARGET = 16.0;
				LD_RUNPATH_SEARCH_PATHS = (
					"$(inherited)",
					"@executable_path/Frameworks",
				);
				MARKETING_VERSION = 1.0;
				PRODUCT_BUNDLE_IDENTIFIER = com.yaroslavDev.TestUnsplashImagesSearch;
				PRODUCT_NAME = "$(TARGET_NAME)";
				SWIFT_EMIT_LOC_STRINGS = YES;
				SWIFT_VERSION = 5.0;
				TARGETED_DEVICE_FAMILY = "1,2";
			};
			name = Debug;
		};
		CEA40EA62AAB998800105C48 /* Release */ = {
			isa = XCBuildConfiguration;
			buildSettings = {
				ASSETCATALOG_COMPILER_APPICON_NAME = AppIcon;
				ASSETCATALOG_COMPILER_GLOBAL_ACCENT_COLOR_NAME = AccentColor;
				CODE_SIGN_STYLE = Automatic;
				CURRENT_PROJECT_VERSION = 1;
				DEVELOPMENT_TEAM = 59C6H8HQ42;
				GENERATE_INFOPLIST_FILE = YES;
				INFOPLIST_FILE = TestUnsplashImagesSearch/Info.plist;
				INFOPLIST_KEY_UIApplicationSupportsIndirectInputEvents = YES;
				INFOPLIST_KEY_UILaunchStoryboardName = LaunchScreen;
				INFOPLIST_KEY_UIMainStoryboardFile = Main;
				INFOPLIST_KEY_UISupportedInterfaceOrientations_iPad = "UIInterfaceOrientationPortrait UIInterfaceOrientationPortraitUpsideDown UIInterfaceOrientationLandscapeLeft UIInterfaceOrientationLandscapeRight";
				INFOPLIST_KEY_UISupportedInterfaceOrientations_iPhone = "UIInterfaceOrientationPortrait UIInterfaceOrientationLandscapeLeft UIInterfaceOrientationLandscapeRight";
				IPHONEOS_DEPLOYMENT_TARGET = 16.0;
				LD_RUNPATH_SEARCH_PATHS = (
					"$(inherited)",
					"@executable_path/Frameworks",
				);
				MARKETING_VERSION = 1.0;
				PRODUCT_BUNDLE_IDENTIFIER = com.yaroslavDev.TestUnsplashImagesSearch;
				PRODUCT_NAME = "$(TARGET_NAME)";
				SWIFT_EMIT_LOC_STRINGS = YES;
				SWIFT_VERSION = 5.0;
				TARGETED_DEVICE_FAMILY = "1,2";
			};
			name = Release;
		};
		CEA40EA82AAB998800105C48 /* Debug */ = {
			isa = XCBuildConfiguration;
			buildSettings = {
				ALWAYS_EMBED_SWIFT_STANDARD_LIBRARIES = YES;
				BUNDLE_LOADER = "$(TEST_HOST)";
				CODE_SIGN_STYLE = Automatic;
				CURRENT_PROJECT_VERSION = 1;
				DEVELOPMENT_TEAM = 59C6H8HQ42;
				GENERATE_INFOPLIST_FILE = YES;
				IPHONEOS_DEPLOYMENT_TARGET = 16.4;
				MARKETING_VERSION = 1.0;
				PRODUCT_BUNDLE_IDENTIFIER = com.yaroslavDev.TestUnsplashImagesSearchTests;
				PRODUCT_NAME = "$(TARGET_NAME)";
				SWIFT_EMIT_LOC_STRINGS = NO;
				SWIFT_VERSION = 5.0;
				TARGETED_DEVICE_FAMILY = "1,2";
				TEST_HOST = "$(BUILT_PRODUCTS_DIR)/TestUnsplashImagesSearch.app/$(BUNDLE_EXECUTABLE_FOLDER_PATH)/TestUnsplashImagesSearch";
			};
			name = Debug;
		};
		CEA40EA92AAB998800105C48 /* Release */ = {
			isa = XCBuildConfiguration;
			buildSettings = {
				ALWAYS_EMBED_SWIFT_STANDARD_LIBRARIES = YES;
				BUNDLE_LOADER = "$(TEST_HOST)";
				CODE_SIGN_STYLE = Automatic;
				CURRENT_PROJECT_VERSION = 1;
				DEVELOPMENT_TEAM = 59C6H8HQ42;
				GENERATE_INFOPLIST_FILE = YES;
				IPHONEOS_DEPLOYMENT_TARGET = 16.4;
				MARKETING_VERSION = 1.0;
				PRODUCT_BUNDLE_IDENTIFIER = com.yaroslavDev.TestUnsplashImagesSearchTests;
				PRODUCT_NAME = "$(TARGET_NAME)";
				SWIFT_EMIT_LOC_STRINGS = NO;
				SWIFT_VERSION = 5.0;
				TARGETED_DEVICE_FAMILY = "1,2";
				TEST_HOST = "$(BUILT_PRODUCTS_DIR)/TestUnsplashImagesSearch.app/$(BUNDLE_EXECUTABLE_FOLDER_PATH)/TestUnsplashImagesSearch";
			};
			name = Release;
		};
		CEA40EAB2AAB998800105C48 /* Debug */ = {
			isa = XCBuildConfiguration;
			buildSettings = {
				ALWAYS_EMBED_SWIFT_STANDARD_LIBRARIES = YES;
				CODE_SIGN_STYLE = Automatic;
				CURRENT_PROJECT_VERSION = 1;
				DEVELOPMENT_TEAM = 59C6H8HQ42;
				GENERATE_INFOPLIST_FILE = YES;
				MARKETING_VERSION = 1.0;
				PRODUCT_BUNDLE_IDENTIFIER = com.yaroslavDev.TestUnsplashImagesSearchUITests;
				PRODUCT_NAME = "$(TARGET_NAME)";
				SWIFT_EMIT_LOC_STRINGS = NO;
				SWIFT_VERSION = 5.0;
				TARGETED_DEVICE_FAMILY = "1,2";
				TEST_TARGET_NAME = TestUnsplashImagesSearch;
			};
			name = Debug;
		};
		CEA40EAC2AAB998800105C48 /* Release */ = {
			isa = XCBuildConfiguration;
			buildSettings = {
				ALWAYS_EMBED_SWIFT_STANDARD_LIBRARIES = YES;
				CODE_SIGN_STYLE = Automatic;
				CURRENT_PROJECT_VERSION = 1;
				DEVELOPMENT_TEAM = 59C6H8HQ42;
				GENERATE_INFOPLIST_FILE = YES;
				MARKETING_VERSION = 1.0;
				PRODUCT_BUNDLE_IDENTIFIER = com.yaroslavDev.TestUnsplashImagesSearchUITests;
				PRODUCT_NAME = "$(TARGET_NAME)";
				SWIFT_EMIT_LOC_STRINGS = NO;
				SWIFT_VERSION = 5.0;
				TARGETED_DEVICE_FAMILY = "1,2";
				TEST_TARGET_NAME = TestUnsplashImagesSearch;
			};
			name = Release;
		};
/* End XCBuildConfiguration section */

/* Begin XCConfigurationList section */
		CEA40E752AAB997F00105C48 /* Build configuration list for PBXProject "TestUnsplashImagesSearch" */ = {
			isa = XCConfigurationList;
			buildConfigurations = (
				CEA40EA22AAB998800105C48 /* Debug */,
				CEA40EA32AAB998800105C48 /* Release */,
			);
			defaultConfigurationIsVisible = 0;
			defaultConfigurationName = Release;
		};
		CEA40EA42AAB998800105C48 /* Build configuration list for PBXNativeTarget "TestUnsplashImagesSearch" */ = {
			isa = XCConfigurationList;
			buildConfigurations = (
				CEA40EA52AAB998800105C48 /* Debug */,
				CEA40EA62AAB998800105C48 /* Release */,
			);
			defaultConfigurationIsVisible = 0;
			defaultConfigurationName = Release;
		};
		CEA40EA72AAB998800105C48 /* Build configuration list for PBXNativeTarget "TestUnsplashImagesSearchTests" */ = {
			isa = XCConfigurationList;
			buildConfigurations = (
				CEA40EA82AAB998800105C48 /* Debug */,
				CEA40EA92AAB998800105C48 /* Release */,
			);
			defaultConfigurationIsVisible = 0;
			defaultConfigurationName = Release;
		};
		CEA40EAA2AAB998800105C48 /* Build configuration list for PBXNativeTarget "TestUnsplashImagesSearchUITests" */ = {
			isa = XCConfigurationList;
			buildConfigurations = (
				CEA40EAB2AAB998800105C48 /* Debug */,
				CEA40EAC2AAB998800105C48 /* Release */,
			);
			defaultConfigurationIsVisible = 0;
			defaultConfigurationName = Release;
		};
/* End XCConfigurationList section */
	};
	rootObject = CEA40E722AAB997F00105C48 /* Project object */;
}
